// !$*UTF8*$!
{
	archiveVersion = 1;
	classes = {
	};
	objectVersion = 50;
	objects = {

/* Begin PBXBuildFile section */
		C0DA6CE02224D8BB00E7D540 /* AppDelegate.m in Sources */ = {isa = PBXBuildFile; fileRef = C0DA6CDF2224D8BB00E7D540 /* AppDelegate.m */; };
		C0DA6CE32224D8BB00E7D540 /* ViewController.m in Sources */ = {isa = PBXBuildFile; fileRef = C0DA6CE22224D8BB00E7D540 /* ViewController.m */; };
		C0DA6CE62224D8BB00E7D540 /* Main.storyboard in Resources */ = {isa = PBXBuildFile; fileRef = C0DA6CE42224D8BB00E7D540 /* Main.storyboard */; };
		C0DA6CE82224D8BD00E7D540 /* Assets.xcassets in Resources */ = {isa = PBXBuildFile; fileRef = C0DA6CE72224D8BD00E7D540 /* Assets.xcassets */; };
		C0DA6CEB2224D8BD00E7D540 /* LaunchScreen.storyboard in Resources */ = {isa = PBXBuildFile; fileRef = C0DA6CE92224D8BD00E7D540 /* LaunchScreen.storyboard */; };
		C0DA6CEE2224D8BD00E7D540 /* main.m in Sources */ = {isa = PBXBuildFile; fileRef = C0DA6CED2224D8BD00E7D540 /* main.m */; };
		C0DA6CF62224E33600E7D540 /* DSLFMainViewController.m in Sources */ = {isa = PBXBuildFile; fileRef = C0DA6CF52224E33600E7D540 /* DSLFMainViewController.m */; };
		C0DA6CFB2225418300E7D540 /* ceshi.html in Resources */ = {isa = PBXBuildFile; fileRef = C0DA6CFA2225418300E7D540 /* ceshi.html */; };
/* End PBXBuildFile section */

/* Begin PBXFileReference section */
		C0DA6CDB2224D8BB00E7D540 /* WKWebViewDemo.app */ = {isa = PBXFileReference; explicitFileType = wrapper.application; includeInIndex = 0; path = WKWebViewDemo.app; sourceTree = BUILT_PRODUCTS_DIR; };
		C0DA6CDE2224D8BB00E7D540 /* AppDelegate.h */ = {isa = PBXFileReference; lastKnownFileType = sourcecode.c.h; path = AppDelegate.h; sourceTree = "<group>"; };
		C0DA6CDF2224D8BB00E7D540 /* AppDelegate.m */ = {isa = PBXFileReference; lastKnownFileType = sourcecode.c.objc; path = AppDelegate.m; sourceTree = "<group>"; };
		C0DA6CE12224D8BB00E7D540 /* ViewController.h */ = {isa = PBXFileReference; lastKnownFileType = sourcecode.c.h; path = ViewController.h; sourceTree = "<group>"; };
		C0DA6CE22224D8BB00E7D540 /* ViewController.m */ = {isa = PBXFileReference; lastKnownFileType = sourcecode.c.objc; path = ViewController.m; sourceTree = "<group>"; };
		C0DA6CE52224D8BB00E7D540 /* Base */ = {isa = PBXFileReference; lastKnownFileType = file.storyboard; name = Base; path = Base.lproj/Main.storyboard; sourceTree = "<group>"; };
		C0DA6CE72224D8BD00E7D540 /* Assets.xcassets */ = {isa = PBXFileReference; lastKnownFileType = folder.assetcatalog; path = Assets.xcassets; sourceTree = "<group>"; };
		C0DA6CEA2224D8BD00E7D540 /* Base */ = {isa = PBXFileReference; lastKnownFileType = file.storyboard; name = Base; path = Base.lproj/LaunchScreen.storyboard; sourceTree = "<group>"; };
		C0DA6CEC2224D8BD00E7D540 /* Info.plist */ = {isa = PBXFileReference; lastKnownFileType = text.plist.xml; path = Info.plist; sourceTree = "<group>"; };
		C0DA6CED2224D8BD00E7D540 /* main.m */ = {isa = PBXFileReference; lastKnownFileType = sourcecode.c.objc; path = main.m; sourceTree = "<group>"; };
		C0DA6CF42224E33600E7D540 /* DSLFMainViewController.h */ = {isa = PBXFileReference; lastKnownFileType = sourcecode.c.h; path = DSLFMainViewController.h; sourceTree = "<group>"; };
		C0DA6CF52224E33600E7D540 /* DSLFMainViewController.m */ = {isa = PBXFileReference; lastKnownFileType = sourcecode.c.objc; path = DSLFMainViewController.m; sourceTree = "<group>"; };
		C0DA6CFA2225418300E7D540 /* ceshi.html */ = {isa = PBXFileReference; fileEncoding = 4; lastKnownFileType = text.html; path = ceshi.html; sourceTree = SOURCE_ROOT; };
/* End PBXFileReference section */

/* Begin PBXFrameworksBuildPhase section */
		C0DA6CD82224D8BB00E7D540 /* Frameworks */ = {
			isa = PBXFrameworksBuildPhase;
			buildActionMask = 2147483647;
			files = (
			);
			runOnlyForDeploymentPostprocessing = 0;
		};
/* End PBXFrameworksBuildPhase section */

/* Begin PBXGroup section */
		C0DA6CD22224D8BB00E7D540 = {
			isa = PBXGroup;
			children = (
				C0DA6CDD2224D8BB00E7D540 /* WKWebViewDemo */,
				C0DA6CDC2224D8BB00E7D540 /* Products */,
			);
			sourceTree = "<group>";
		};
		C0DA6CDC2224D8BB00E7D540 /* Products */ = {
			isa = PBXGroup;
			children = (
				C0DA6CDB2224D8BB00E7D540 /* WKWebViewDemo.app */,
			);
			name = Products;
			sourceTree = "<group>";
		};
		C0DA6CDD2224D8BB00E7D540 /* WKWebViewDemo */ = {
			isa = PBXGroup;
			children = (
				C0DA6CFA2225418300E7D540 /* ceshi.html */,
				C0DA6CDE2224D8BB00E7D540 /* AppDelegate.h */,
				C0DA6CDF2224D8BB00E7D540 /* AppDelegate.m */,
				C0DA6CE12224D8BB00E7D540 /* ViewController.h */,
				C0DA6CE22224D8BB00E7D540 /* ViewController.m */,
				C0DA6CE42224D8BB00E7D540 /* Main.storyboard */,
				C0DA6CE72224D8BD00E7D540 /* Assets.xcassets */,
				C0DA6CE92224D8BD00E7D540 /* LaunchScreen.storyboard */,
				C0DA6CEC2224D8BD00E7D540 /* Info.plist */,
				C0DA6CED2224D8BD00E7D540 /* main.m */,
				C0DA6CF42224E33600E7D540 /* DSLFMainViewController.h */,
				C0DA6CF52224E33600E7D540 /* DSLFMainViewController.m */,
			);
			path = WKWebViewDemo;
			sourceTree = "<group>";
		};
/* End PBXGroup section */

/* Begin PBXNativeTarget section */
		C0DA6CDA2224D8BB00E7D540 /* WKWebViewDemo */ = {
			isa = PBXNativeTarget;
			buildConfigurationList = C0DA6CF12224D8BD00E7D540 /* Build configuration list for PBXNativeTarget "WKWebViewDemo" */;
			buildPhases = (
				C0DA6CD72224D8BB00E7D540 /* Sources */,
				C0DA6CD82224D8BB00E7D540 /* Frameworks */,
				C0DA6CD92224D8BB00E7D540 /* Resources */,
			);
			buildRules = (
			);
			dependencies = (
			);
			name = WKWebViewDemo;
			productName = WKWebViewDemo;
			productReference = C0DA6CDB2224D8BB00E7D540 /* WKWebViewDemo.app */;
			productType = "com.apple.product-type.application";
		};
/* End PBXNativeTarget section */

/* Begin PBXProject section */
		C0DA6CD32224D8BB00E7D540 /* Project object */ = {
			isa = PBXProject;
			attributes = {
				CLASSPREFIX = DSLF;
				LastUpgradeCheck = 1010;
				ORGANIZATIONNAME = dslf;
				TargetAttributes = {
					C0DA6CDA2224D8BB00E7D540 = {
						CreatedOnToolsVersion = 10.1;
					};
				};
			};
			buildConfigurationList = C0DA6CD62224D8BB00E7D540 /* Build configuration list for PBXProject "WKWebViewDemo" */;
			compatibilityVersion = "Xcode 9.3";
			developmentRegion = en;
			hasScannedForEncodings = 0;
			knownRegions = (
				en,
				Base,
			);
			mainGroup = C0DA6CD22224D8BB00E7D540;
			productRefGroup = C0DA6CDC2224D8BB00E7D540 /* Products */;
			projectDirPath = "";
			projectRoot = "";
			targets = (
				C0DA6CDA2224D8BB00E7D540 /* WKWebViewDemo */,
			);
		};
/* End PBXProject section */

/* Begin PBXResourcesBuildPhase section */
		C0DA6CD92224D8BB00E7D540 /* Resources */ = {
			isa = PBXResourcesBuildPhase;
			buildActionMask = 2147483647;
			files = (
				C0DA6CEB2224D8BD00E7D540 /* LaunchScreen.storyboard in Resources */,
				C0DA6CFB2225418300E7D540 /* ceshi.html in Resources */,
				C0DA6CE82224D8BD00E7D540 /* Assets.xcassets in Resources */,
				C0DA6CE62224D8BB00E7D540 /* Main.storyboard in Resources */,
			);
			runOnlyForDeploymentPostprocessing = 0;
		};
/* End PBXResourcesBuildPhase section */

/* Begin PBXSourcesBuildPhase section */
		C0DA6CD72224D8BB00E7D540 /* Sources */ = {
			isa = PBXSourcesBuildPhase;
			buildActionMask = 2147483647;
			files = (
				C0DA6CF62224E33600E7D540 /* DSLFMainViewController.m in Sources */,
				C0DA6CE32224D8BB00E7D540 /* ViewController.m in Sources */,
				C0DA6CEE2224D8BD00E7D540 /* main.m in Sources */,
				C0DA6CE02224D8BB00E7D540 /* AppDelegate.m in Sources */,
			);
			runOnlyForDeploymentPostprocessing = 0;
		};
/* End PBXSourcesBuildPhase section */

/* Begin PBXVariantGroup section */
		C0DA6CE42224D8BB00E7D540 /* Main.storyboard */ = {
			isa = PBXVariantGroup;
			children = (
				C0DA6CE52224D8BB00E7D540 /* Base */,
			);
			name = Main.storyboard;
			sourceTree = "<group>";
		};
		C0DA6CE92224D8BD00E7D540 /* LaunchScreen.storyboard */ = {
			isa = PBXVariantGroup;
			children = (
				C0DA6CEA2224D8BD00E7D540 /* Base */,
			);
			name = LaunchScreen.storyboard;
			sourceTree = "<group>";
		};
/* End PBXVariantGroup section */

/* Begin XCBuildConfiguration section */
		C0DA6CEF2224D8BD00E7D540 /* Debug */ = {
			isa = XCBuildConfiguration;
			buildSettings = {
				ALWAYS_SEARCH_USER_PATHS = NO;
				CLANG_ANALYZER_NONNULL = YES;
				CLANG_ANALYZER_NUMBER_OBJECT_CONVERSION = YES_AGGRESSIVE;
				CLANG_CXX_LANGUAGE_STANDARD = "gnu++14";
				CLANG_CXX_LIBRARY = "libc++";
				CLANG_ENABLE_MODULES = YES;
				CLANG_ENABLE_OBJC_ARC = YES;
				CLANG_ENABLE_OBJC_WEAK = YES;
				CLANG_WARN_BLOCK_CAPTURE_AUTORELEASING = YES;
				CLANG_WARN_BOOL_CONVERSION = YES;
				CLANG_WARN_COMMA = YES;
				CLANG_WARN_CONSTANT_CONVERSION = YES;
				CLANG_WARN_DEPRECATED_OBJC_IMPLEMENTATIONS = YES;
				CLANG_WARN_DIRECT_OBJC_ISA_USAGE = YES_ERROR;
				CLANG_WARN_DOCUMENTATION_COMMENTS = YES;
				CLANG_WARN_EMPTY_BODY = YES;
				CLANG_WARN_ENUM_CONVERSION = YES;
				CLANG_WARN_INFINITE_RECURSION = YES;
				CLANG_WARN_INT_CONVERSION = YES;
				CLANG_WARN_NON_LITERAL_NULL_CONVERSION = YES;
				CLANG_WARN_OBJC_IMPLICIT_RETAIN_SELF = YES;
				CLANG_WARN_OBJC_LITERAL_CONVERSION = YES;
				CLANG_WARN_OBJC_ROOT_CLASS = YES_ERROR;
				CLANG_WARN_RANGE_LOOP_ANALYSIS = YES;
				CLANG_WARN_STRICT_PROTOTYPES = YES;
				CLANG_WARN_SUSPICIOUS_MOVE = YES;
				CLANG_WARN_UNGUARDED_AVAILABILITY = YES_AGGRESSIVE;
				CLANG_WARN_UNREACHABLE_CODE = YES;
				CLANG_WARN__DUPLICATE_METHOD_MATCH = YES;
				CODE_SIGN_IDENTITY = "iPhone Developer";
				COPY_PHASE_STRIP = NO;
				DEBUG_INFORMATION_FORMAT = dwarf;
				ENABLE_STRICT_OBJC_MSGSEND = YES;
				ENABLE_TESTABILITY = YES;
				GCC_C_LANGUAGE_STANDARD = gnu11;
				GCC_DYNAMIC_NO_PIC = NO;
				GCC_NO_COMMON_BLOCKS = YES;
				GCC_OPTIMIZATION_LEVEL = 0;
				GCC_PREPROCESSOR_DEFINITIONS = (
					"DEBUG=1",
					"$(inherited)",
				);
				GCC_WARN_64_TO_32_BIT_CONVERSION = YES;
				GCC_WARN_ABOUT_RETURN_TYPE = YES_ERROR;
				GCC_WARN_UNDECLARED_SELECTOR = YES;
				GCC_WARN_UNINITIALIZED_AUTOS = YES_AGGRESSIVE;
				GCC_WARN_UNUSED_FUNCTION = YES;
				GCC_WARN_UNUSED_VARIABLE = YES;
				IPHONEOS_DEPLOYMENT_TARGET = 12.1;
				MTL_ENABLE_DEBUG_INFO = INCLUDE_SOURCE;
				MTL_FAST_MATH = YES;
				ONLY_ACTIVE_ARCH = YES;
				SDKROOT = iphoneos;
			};
			name = Debug;
		};
		C0DA6CF02224D8BD00E7D540 /* Release */ = {
			isa = XCBuildConfiguration;
			buildSettings = {
				ALWAYS_SEARCH_USER_PATHS = NO;
				CLANG_ANALYZER_NONNULL = YES;
				CLANG_ANALYZER_NUMBER_OBJECT_CONVERSION = YES_AGGRESSIVE;
				CLANG_CXX_LANGUAGE_STANDARD = "gnu++14";
				CLANG_CXX_LIBRARY = "libc++";
				CLANG_ENABLE_MODULES = YES;
				CLANG_ENABLE_OBJC_ARC = YES;
				CLANG_ENABLE_OBJC_WEAK = YES;
				CLANG_WARN_BLOCK_CAPTURE_AUTORELEASING = YES;
				CLANG_WARN_BOOL_CONVERSION = YES;
				CLANG_WARN_COMMA = YES;
				CLANG_WARN_CONSTANT_CONVERSION = YES;
				CLANG_WARN_DEPRECATED_OBJC_IMPLEMENTATIONS = YES;
				CLANG_WARN_DIRECT_OBJC_ISA_USAGE = YES_ERROR;
				CLANG_WARN_DOCUMENTATION_COMMENTS = YES;
				CLANG_WARN_EMPTY_BODY = YES;
				CLANG_WARN_ENUM_CONVERSION = YES;
				CLANG_WARN_INFINITE_RECURSION = YES;
				CLANG_WARN_INT_CONVERSION = YES;
				CLANG_WARN_NON_LITERAL_NULL_CONVERSION = YES;
				CLANG_WARN_OBJC_IMPLICIT_RETAIN_SELF = YES;
				CLANG_WARN_OBJC_LITERAL_CONVERSION = YES;
				CLANG_WARN_OBJC_ROOT_CLASS = YES_ERROR;
				CLANG_WARN_RANGE_LOOP_ANALYSIS = YES;
				CLANG_WARN_STRICT_PROTOTYPES = YES;
				CLANG_WARN_SUSPICIOUS_MOVE = YES;
				CLANG_WARN_UNGUARDED_AVAILABILITY = YES_AGGRESSIVE;
				CLANG_WARN_UNREACHABLE_CODE = YES;
				CLANG_WARN__DUPLICATE_METHOD_MATCH = YES;
				CODE_SIGN_IDENTITY = "iPhone Developer";
				COPY_PHASE_STRIP = NO;
				DEBUG_INFORMATION_FORMAT = "dwarf-with-dsym";
				ENABLE_NS_ASSERTIONS = NO;
				ENABLE_STRICT_OBJC_MSGSEND = YES;
				GCC_C_LANGUAGE_STANDARD = gnu11;
				GCC_NO_COMMON_BLOCKS = YES;
				GCC_WARN_64_TO_32_BIT_CONVERSION = YES;
				GCC_WARN_ABOUT_RETURN_TYPE = YES_ERROR;
				GCC_WARN_UNDECLARED_SELECTOR = YES;
				GCC_WARN_UNINITIALIZED_AUTOS = YES_AGGRESSIVE;
				GCC_WARN_UNUSED_FUNCTION = YES;
				GCC_WARN_UNUSED_VARIABLE = YES;
				IPHONEOS_DEPLOYMENT_TARGET = 12.1;
				MTL_ENABLE_DEBUG_INFO = NO;
				MTL_FAST_MATH = YES;
				SDKROOT = iphoneos;
				VALIDATE_PRODUCT = YES;
			};
			name = Release;
		};
		C0DA6CF22224D8BD00E7D540 /* Debug */ = {
			isa = XCBuildConfiguration;
			buildSettings = {
				ASSETCATALOG_COMPILER_APPICON_NAME = AppIcon;
				CODE_SIGN_STYLE = Automatic;
				DEVELOPMENT_TEAM = "";
				INFOPLIST_FILE = WKWebViewDemo/Info.plist;
				LD_RUNPATH_SEARCH_PATHS = (
					"$(inherited)",
					"@executable_path/Frameworks",
				);
				PRODUCT_BUNDLE_IDENTIFIER = com.dslf.WKWebViewDemo;
				PRODUCT_NAME = "$(TARGET_NAME)";
				TARGETED_DEVICE_FAMILY = "1,2";
			};
			name = Debug;
		};
		C0DA6CF32224D8BD00E7D540 /* Release */ = {
			isa = XCBuildConfiguration;
			buildSettings = {
				ASSETCATALOG_COMPILER_APPICON_NAME = AppIcon;
				CODE_SIGN_STYLE = Automatic;
				DEVELOPMENT_TEAM = "";
				INFOPLIST_FILE = WKWebViewDemo/Info.plist;
				LD_RUNPATH_SEARCH_PATHS = (
					"$(inherited)",
					"@executable_path/Frameworks",
				);
				PRODUCT_BUNDLE_IDENTIFIER = com.dslf.WKWebViewDemo;
				PRODUCT_NAME = "$(TARGET_NAME)";
				TARGETED_DEVICE_FAMILY = "1,2";
			};
			name = Release;
		};
/* End XCBuildConfiguration section */

/* Begin XCConfigurationList section */
		C0DA6CD62224D8BB00E7D540 /* Build configuration list for PBXProject "WKWebViewDemo" */ = {
			isa = XCConfigurationList;
			buildConfigurations = (
				C0DA6CEF2224D8BD00E7D540 /* Debug */,
				C0DA6CF02224D8BD00E7D540 /* Release */,
			);
			defaultConfigurationIsVisible = 0;
			defaultConfigurationName = Release;
		};
		C0DA6CF12224D8BD00E7D540 /* Build configuration list for PBXNativeTarget "WKWebViewDemo" */ = {
			isa = XCConfigurationList;
			buildConfigurations = (
				C0DA6CF22224D8BD00E7D540 /* Debug */,
				C0DA6CF32224D8BD00E7D540 /* Release */,
			);
			defaultConfigurationIsVisible = 0;
			defaultConfigurationName = Release;
		};
/* End XCConfigurationList section */
	};
	rootObject = C0DA6CD32224D8BB00E7D540 /* Project object */;
}
